
Microsoft Visual Studio Solution File, Format Version 12.00
# Visual Studio Version 17
VisualStudioVersion = 17.7.34031.279
MinimumVisualStudioVersion = 10.0.40219.1
Project("{FAE04EC0-301F-11D3-BF4B-00C04F79EFBC}") = "тест", "тест\тест.csproj", "{6A752C0F-71DE-4005-9B66-287B11B679A0}"
EndProject
Global
	GlobalSection(SolutionConfigurationPlatforms) = preSolution
		Debug|Any CPU = Debug|Any CPU
		Release|Any CPU = Release|Any CPU
	EndGlobalSection
	GlobalSection(ProjectConfigurationPlatforms) = postSolution
		{6A752C0F-71DE-4005-9B66-287B11B679A0}.Debug|Any CPU.ActiveCfg = Debug|Any CPU
		{6A752C0F-71DE-4005-9B66-287B11B679A0}.Debug|Any CPU.Build.0 = Debug|Any CPU
		{6A752C0F-71DE-4005-9B66-287B11B679A0}.Release|Any CPU.ActiveCfg = Release|Any CPU
		{6A752C0F-71DE-4005-9B66-287B11B679A0}.Release|Any CPU.Build.0 = Release|Any CPU
	EndGlobalSection
	GlobalSection(SolutionProperties) = preSolution
		HideSolutionNode = FALSE
	EndGlobalSection
	GlobalSection(ExtensibilityGlobals) = postSolution
		SolutionGuid = {E436F8CB-48DA-4187-9351-19A319496354}
	EndGlobalSection
EndGlobal
